<?xml version="1.0" encoding="UTF-8" standalone="no"?>
<!-- Created with Inkscape (http://www.inkscape.org/) -->

<svg
   width="166.5mm"
   height="42.299999mm"
   viewBox="0 0 166.5 42.299999"
   version="1.1"
   id="svg1"
   inkscape:version="1.4.3 (0d15f75042, 2025-12-25)"
   sodipodi:docname="package-lock.json"
   xmlns:inkscape="http://www.inkscape.org/namespaces/inkscape"
   xmlns:sodipodi="http://sodipodi.sourceforge.net/DTD/sodipodi-0.dtd"
   xmlns="http://www.w3.org/2000/svg"
   xmlns:svg="http://www.w3.org/2000/svg">
  <sodipodi:namedview
     id="namedview1"
     pagecolor="#ffffff"
     bordercolor="#000000"
     borderopacity="0.25"
     inkscape:showpageshadow="2"
     inkscape:pageopacity="0.0"
     inkscape:pagecheckerboard="0"
     inkscape:deskcolor="#d1d1d1"
     inkscape:document-units="mm"
     inkscape:zoom="0.67526655"
     inkscape:cx="395.39941"
     inkscape:cy="324.31637"
     inkscape:window-width="1920"
     inkscape:window-height="1011"
     inkscape:window-x="0"
     inkscape:window-y="0"
     inkscape:window-maximized="1"
     inkscape:current-layer="layer1" />
  <defs
     id="defs1" />
  <g
     inkscape:label="Capa 1"
     inkscape:groupmode="layer"
     id="layer1">
    <g
       id="g1"
       transform="translate(-21.347993,-121.02816)">
      <path
         fill-rule="evenodd"
         clip-rule="evenodd"
         d="m 66.300973,156.08757 v -27.77601 c 0,-0.54126 0.242093,-0.96859 0.726545,-1.28196 0.484188,-0.31338 1.053836,-0.47006 1.709209,-0.47006 h 8.247327 c 5.726112,0 8.589169,2.50695 8.589169,7.52086 0,3.47556 -1.210734,5.74037 -3.6322,6.79442 1.452827,0.56978 2.549525,1.37456 3.290358,2.41437 0.740569,1.03982 1.110985,2.55681 1.110985,4.55105 v 0.8972 c 0,3.1623 -0.769143,5.46259 -2.307431,6.90139 -1.538552,1.43854 -3.618177,2.15794 -6.239139,2.15794 h -9.059069 c -0.712259,0 -1.296194,-0.17092 -1.752071,-0.51276 -0.455877,-0.34184 -0.683683,-0.74083 -0.683683,-1.19644 z m 5.512329,-3.1623 h 4.82891 c 2.763309,0 4.144963,-1.55258 4.144963,-4.65773 v -0.68368 c 0,-1.59544 -0.348986,-2.74918 -1.046957,-3.46139 -0.69797,-0.7122 -1.730639,-1.0683 -3.098006,-1.0683 h -4.82891 z m 0,-14.2298 h 4.786048 c 1.110985,0 1.95871,-0.3276 2.542646,-0.98282 0.583935,-0.65524 0.876035,-1.5526 0.876035,-2.69213 0,-1.11104 -0.306388,-1.98705 -0.918898,-2.62803 -0.612246,-0.64098 -1.459971,-0.96147 -2.542381,-0.96147 h -4.74345 z m 18.375048,9.57207 v -19.99871 c 0,-0.56976 0.270668,-0.99709 0.811741,-1.28196 0.541338,-0.28488 1.196446,-0.42733 1.965855,-0.42733 0.769143,0 1.424252,0.14245 1.965589,0.42733 0.541338,0.28487 0.812006,0.7122 0.812006,1.28196 v 19.99871 c 0,3.27607 1.566598,4.91411 4.700319,4.91411 3.13373,0 4.70059,-1.63804 4.70059,-4.91411 v -19.99871 c 0,-0.56976 0.27067,-0.99709 0.81201,-1.28196 0.54134,-0.28488 1.19644,-0.42733 1.96559,-0.42733 0.76914,0 1.42451,0.14245 1.96585,0.42733 0.54107,0.28487 0.81174,0.7122 0.81174,1.28196 v 19.99871 c 0,3.36153 -0.93292,5.83301 -2.79902,7.41389 -1.86585,1.58115 -4.35134,2.37173 -7.45676,2.37173 -3.105146,0 -5.590642,-0.78344 -7.456748,-2.3503 -1.865841,-1.56686 -2.798762,-4.04521 -2.798762,-7.43532 z m 25.51112,7.77716 v -27.77587 c 0,-0.56976 0.27041,-0.99709 0.81175,-1.28196 0.54133,-0.28488 1.19644,-0.42733 1.96585,-0.42733 0.76914,0 1.42425,0.14245 1.96559,0.42733 0.54134,0.28487 0.81201,0.7122 0.81201,1.28196 v 24.65644 h 10.42643 c 0.51276,0 0.91889,0.24209 1.21787,0.72654 0.29925,0.48419 0.44874,1.0541 0.44874,1.70921 0,0.65511 -0.14949,1.22502 -0.44874,1.70921 -0.29898,0.48445 -0.70511,0.72654 -1.21787,0.72654 h -13.54614 c -0.6551,0 -1.22475,-0.15663 -1.7092,-0.47016 -0.48419,-0.31327 -0.72629,-0.74057 -0.72629,-1.28191 z m 20.68221,0 v -26.70757 c 0,-0.94011 0.26353,-1.63806 0.79058,-2.09386 0.52705,-0.45582 1.1893,-0.68373 1.98702,-0.68373 1.0541,0 1.86611,0.18518 2.43575,0.55552 0.56965,0.37036 1.19645,1.16803 1.88013,2.39302 l 5.25621,9.57199 5.25595,-9.57199 c 0.68369,-1.22499 1.31763,-2.02266 1.90156,-2.39302 0.5842,-0.37034 1.40309,-0.55552 2.45719,-0.55552 0.79772,0 1.45997,0.22791 1.98702,0.68373 0.52705,0.4558 0.79057,1.15375 0.79057,2.09386 v 26.70757 c 0,0.54134 -0.27781,0.96864 -0.83317,1.28191 -0.55562,0.31353 -1.20385,0.47016 -1.94442,0.47016 -0.76915,0 -1.42452,-0.15663 -1.96559,-0.47016 -0.54134,-0.31327 -0.81201,-0.74057 -0.81201,-1.28191 v -18.37478 l -4.99956,8.88828 c -0.399,0.7407 -1.02579,1.11112 -1.8804,1.11112 -0.82603,0 -1.43854,-0.37042 -1.83753,-1.11112 l -4.91411,-9.23015 v 18.71665 c 0,0.54134 -0.27781,0.96864 -0.83317,1.28191 -0.55562,0.31353 -1.20359,0.47016 -1.94442,0.47016 -0.76914,0 -1.42425,-0.15663 -1.96559,-0.47016 -0.54134,-0.31327 -0.81201,-0.74057 -0.81201,-1.28191 z m 27.6905,-0.55536 c 0,-0.0572 0.0286,-0.19949 0.0855,-0.42756 l 8.24733,-26.87841 c 0.17092,-0.59825 0.59108,-1.06117 1.26047,-1.3888 0.66966,-0.32761 1.43166,-0.49141 2.28627,-0.49141 0.8546,0 1.62375,0.1638 2.30743,0.49141 0.68395,0.32763 1.11125,0.79055 1.28217,1.3888 l 8.24733,26.87841 c 0.0569,0.22807 0.0855,0.37041 0.0855,0.42756 0,0.62654 -0.38471,1.16787 -1.15385,1.62375 -0.76914,0.45588 -1.55258,0.68368 -2.35029,0.68368 -1.0541,0 -1.6809,-0.37041 -1.88013,-1.11098 l -1.62402,-5.68352 h -9.78561 l -1.62375,5.68352 c -0.19949,0.74057 -0.82629,1.11098 -1.88013,1.11098 -0.82629,0 -1.61687,-0.22066 -2.37172,-0.66225 -0.75486,-0.44159 -1.13242,-0.99007 -1.13242,-1.64518 z m 8.16187,-8.84568 h 7.43532 l -3.71766,-13.11875 z"
         fill="#000000"
         class="bd-svg-black"
         id="path1"
         style="stroke-width:0.264583" />
      <path
         fill-rule="evenodd"
         clip-rule="evenodd"
         d="m 21.321806,150.11566 2.645834,-18.52084 10.583333,-10.58333 13.229166,13.22917 -7.9375,7.9375 10.583334,10.58333 -15.875,10.58333 z"
         fill="#00d1b2"
         id="path2"
         style="stroke-width:0.264583" />
    </g>
  </g>
</svg>
